
Microsoft Visual Studio Solution File, Format Version 12.00
# Visual Studio Version 17
VisualStudioVersion = 17.10.35013.160
MinimumVisualStudioVersion = 10.0.40219.1
Project("{9A19103F-16F7-4668-BE54-9A1E7A4F7556}") = "WillsCalculator.Server", "WillsCalculator.Server\WillsCalculator.Server.csproj", "{9EFD1653-4A57-40BF-9C64-5F1E2FB7D30B}"
EndProject
Project("{54A90642-561A-4BB1-A94E-469ADEE60C69}") = "willscalculator.client", "willscalculator.client\willscalculator.client.esproj", "{C78949CA-67BE-4757-98E1-1768968C6E0A}"
EndProject
Project("{FAE04EC0-301F-11D3-BF4B-00C04F79EFBC}") = "WillsCalculator.Server.Tests", "WillsCalculator.Server.Tests\WillsCalculator.Server.Tests.csproj", "{64600DA7-8539-4FAA-AEE9-F36414423691}"
EndProject
Global
	GlobalSection(SolutionConfigurationPlatforms) = preSolution
		Debug|Any CPU = Debug|Any CPU
		Release|Any CPU = Release|Any CPU
	EndGlobalSection
	GlobalSection(ProjectConfigurationPlatforms) = postSolution
		{9EFD1653-4A57-40BF-9C64-5F1E2FB7D30B}.Debug|Any CPU.ActiveCfg = Debug|Any CPU
		{9EFD1653-4A57-40BF-9C64-5F1E2FB7D30B}.Debug|Any CPU.Build.0 = Debug|Any CPU
		{9EFD1653-4A57-40BF-9C64-5F1E2FB7D30B}.Release|Any CPU.ActiveCfg = Release|Any CPU
		{9EFD1653-4A57-40BF-9C64-5F1E2FB7D30B}.Release|Any CPU.Build.0 = Release|Any CPU
		{C78949CA-67BE-4757-98E1-1768968C6E0A}.Debug|Any CPU.ActiveCfg = Debug|Any CPU
		{C78949CA-67BE-4757-98E1-1768968C6E0A}.Debug|Any CPU.Build.0 = Debug|Any CPU
		{C78949CA-67BE-4757-98E1-1768968C6E0A}.Debug|Any CPU.Deploy.0 = Debug|Any CPU
		{C78949CA-67BE-4757-98E1-1768968C6E0A}.Release|Any CPU.ActiveCfg = Release|Any CPU
		{C78949CA-67BE-4757-98E1-1768968C6E0A}.Release|Any CPU.Build.0 = Release|Any CPU
		{C78949CA-67BE-4757-98E1-1768968C6E0A}.Release|Any CPU.Deploy.0 = Release|Any CPU
		{64600DA7-8539-4FAA-AEE9-F36414423691}.Debug|Any CPU.ActiveCfg = Debug|Any CPU
		{64600DA7-8539-4FAA-AEE9-F36414423691}.Debug|Any CPU.Build.0 = Debug|Any CPU
		{64600DA7-8539-4FAA-AEE9-F36414423691}.Release|Any CPU.ActiveCfg = Release|Any CPU
		{64600DA7-8539-4FAA-AEE9-F36414423691}.Release|Any CPU.Build.0 = Release|Any CPU
	EndGlobalSection
	GlobalSection(SolutionProperties) = preSolution
		HideSolutionNode = FALSE
	EndGlobalSection
	GlobalSection(ExtensibilityGlobals) = postSolution
		SolutionGuid = {6674543D-B924-4513-9EE5-50DDCE253459}
	EndGlobalSection
EndGlobal
